
Microsoft Visual Studio Solution File, Format Version 12.00
# Visual Studio Version 16
VisualStudioVersion = 16.0.28803.352
MinimumVisualStudioVersion = 10.0.40219.1
Project("{FAE04EC0-301F-11D3-BF4B-00C04F79EFBC}") = "hw2", "hw2\hw2.csproj", "{88296C22-F9EC-4DAB-993E-46609442A55F}"
EndProject
Global
	GlobalSection(SolutionConfigurationPlatforms) = preSolution
		Debug|Any CPU = Debug|Any CPU
		Release|Any CPU = Release|Any CPU
	EndGlobalSection
	GlobalSection(ProjectConfigurationPlatforms) = postSolution
		{88296C22-F9EC-4DAB-993E-46609442A55F}.Debug|Any CPU.ActiveCfg = Debug|Any CPU
		{88296C22-F9EC-4DAB-993E-46609442A55F}.Debug|Any CPU.Build.0 = Debug|Any CPU
		{88296C22-F9EC-4DAB-993E-46609442A55F}.Release|Any CPU.ActiveCfg = Release|Any CPU
		{88296C22-F9EC-4DAB-993E-46609442A55F}.Release|Any CPU.Build.0 = Release|Any CPU
	EndGlobalSection
	GlobalSection(SolutionProperties) = preSolution
		HideSolutionNode = FALSE
	EndGlobalSection
	GlobalSection(ExtensibilityGlobals) = postSolution
		SolutionGuid = {A60C0903-024E-41DD-B014-82E49F58A992}
	EndGlobalSection
EndGlobal
